{
  "version": 4,
  "terraform_version": "1.15.6",
  "serial": 9,
  "lineage": "fbcd0ab9-d686-b3ea-5dcf-0940391bc1ea",
  "outputs": {
    "nodes": {
      "value": {
        "agent-au": {
          "internal_ip": "10.152.0.2",
          "public_ip": "34.151.155.79",
          "role": "agent",
          "zone": "australia-southeast1-a"
        },
        "agent-jp": {
          "internal_ip": "10.146.0.2",
          "public_ip": "35.190.235.11",
          "role": "agent",
          "zone": "asia-northeast1-a"
        },
        "agent-pl": {
          "internal_ip": "10.186.0.3",
          "public_ip": "34.116.140.130",
          "role": "agent",
          "zone": "europe-central2-a"
        },
        "agent-us": {
          "internal_ip": "10.128.0.2",
          "public_ip": "34.134.143.41",
          "role": "agent",
          "zone": "us-central1-a"
        },
        "central-pl": {
          "internal_ip": "10.186.0.2",
          "public_ip": "34.118.41.87",
          "role": "central",
          "zone": "europe-central2-a"
        }
      },
      "type": [
        "object",
        {
          "agent-au": [
            "object",
            {
              "internal_ip": "string",
              "public_ip": "string",
              "role": "string",
              "zone": "string"
            }
          ],
          "agent-jp": [
            "object",
            {
              "internal_ip": "string",
              "public_ip": "string",
              "role": "string",
              "zone": "string"
            }
          ],
          "agent-pl": [
            "object",
            {
              "internal_ip": "string",
              "public_ip": "string",
              "role": "string",
              "zone": "string"
            }
          ],
          "agent-us": [
            "object",
            {
              "internal_ip": "string",
              "public_ip": "string",
              "role": "string",
              "zone": "string"
            }
          ],
          "central-pl": [
            "object",
            {
              "internal_ip": "string",
              "public_ip": "string",
              "role": "string",
              "zone": "string"
            }
          ]
        }
      ]
    }
  },
  "resources": [
    {
      "mode": "data",
      "type": "google_compute_image",
      "name": "ubuntu",
      "provider": "provider[\"registry.terraform.io/hashicorp/google\"]",
      "instances": [
        {
          "schema_version": 0,
          "attributes": {
            "archive_size_bytes": 3628700352,
            "creation_timestamp": "2026-05-30T08:11:26.462-07:00",
            "description": "Canonical, Ubuntu, 22.04 LTS, amd64 jammy image built on 2026-05-30",
            "disk_size_gb": 10,
            "family": "ubuntu-2204-lts",
            "filter": null,
            "id": "projects/ubuntu-os-cloud/global/images/ubuntu-2204-jammy-v20260530",
            "image_encryption_key_sha256": "",
            "image_id": "3687284526783348977",
            "label_fingerprint": "iNBmVNCFF9w=",
            "labels": {
              "public-image": "true"
            },
            "licenses": [
              "https://www.googleapis.com/compute/v1/projects/ubuntu-os-cloud/global/licenses/ubuntu-2204-lts"
            ],
            "most_recent": false,
            "name": "ubuntu-2204-jammy-v20260530",
            "project": "ubuntu-os-cloud",
            "self_link": "https://www.googleapis.com/compute/v1/projects/ubuntu-os-cloud/global/images/ubuntu-2204-jammy-v20260530",
            "source_disk": "",
            "source_disk_encryption_key_sha256": "",
            "source_disk_id": "",
            "source_image_id": "",
            "status": "READY"
          },
          "sensitive_attributes": [],
          "identity_schema_version": 0
        }
      ]
    },
    {
      "mode": "managed",
      "type": "google_compute_firewall",
      "name": "kafka_internal",
      "provider": "provider[\"registry.terraform.io/hashicorp/google\"]",
      "instances": [
        {
          "schema_version": 1,
          "attributes": {
            "allow": [
              {
                "ports": [
                  "9092"
                ],
                "protocol": "tcp"
              }
            ],
            "creation_timestamp": "2026-06-12T01:42:58.600-07:00",
            "deny": [],
            "description": "",
            "destination_ranges": [],
            "direction": "INGRESS",
            "disabled": false,
            "enable_logging": null,
            "id": "projects/pdd2-496716/global/firewalls/stun-monitor-kafka-internal",
            "log_config": [],
            "name": "stun-monitor-kafka-internal",
            "network": "https://www.googleapis.com/compute/v1/projects/pdd2-496716/global/networks/stun-monitor-network",
            "priority": 1000,
            "project": "pdd2-496716",
            "self_link": "https://www.googleapis.com/compute/v1/projects/pdd2-496716/global/firewalls/stun-monitor-kafka-internal",
            "source_ranges": null,
            "source_service_accounts": null,
            "source_tags": [
              "stun-monitor"
            ],
            "target_service_accounts": null,
            "target_tags": [
              "stun-monitor"
            ],
            "timeouts": null
          },
          "sensitive_attributes": [],
          "identity_schema_version": 0,
          "private": "eyJlMmJmYjczMC1lY2FhLTExZTYtOGY4OC0zNDM2M2JjN2M0YzAiOnsiY3JlYXRlIjoxMjAwMDAwMDAwMDAwLCJkZWxldGUiOjEyMDAwMDAwMDAwMDAsInVwZGF0ZSI6MTIwMDAwMDAwMDAwMH0sInNjaGVtYV92ZXJzaW9uIjoiMSJ9",
          "dependencies": [
            "google_compute_network.stun_monitor"
          ]
        }
      ]
    },
    {
      "mode": "managed",
      "type": "google_compute_firewall",
      "name": "ssh",
      "provider": "provider[\"registry.terraform.io/hashicorp/google\"]",
      "instances": [
        {
          "schema_version": 1,
          "attributes": {
            "allow": [
              {
                "ports": [
                  "22"
                ],
                "protocol": "tcp"
              }
            ],
            "creation_timestamp": "2026-06-12T01:42:58.921-07:00",
            "deny": [],
            "description": "",
            "destination_ranges": [],
            "direction": "INGRESS",
            "disabled": false,
            "enable_logging": null,
            "id": "projects/pdd2-496716/global/firewalls/stun-monitor-ssh",
            "log_config": [],
            "name": "stun-monitor-ssh",
            "network": "https://www.googleapis.com/compute/v1/projects/pdd2-496716/global/networks/stun-monitor-network",
            "priority": 1000,
            "project": "pdd2-496716",
            "self_link": "https://www.googleapis.com/compute/v1/projects/pdd2-496716/global/firewalls/stun-monitor-ssh",
            "source_ranges": [
              "0.0.0.0/0"
            ],
            "source_service_accounts": null,
            "source_tags": null,
            "target_service_accounts": null,
            "target_tags": [
              "stun-monitor"
            ],
            "timeouts": null
          },
          "sensitive_attributes": [],
          "identity_schema_version": 0,
          "private": "eyJlMmJmYjczMC1lY2FhLTExZTYtOGY4OC0zNDM2M2JjN2M0YzAiOnsiY3JlYXRlIjoxMjAwMDAwMDAwMDAwLCJkZWxldGUiOjEyMDAwMDAwMDAwMDAsInVwZGF0ZSI6MTIwMDAwMDAwMDAwMH0sInNjaGVtYV92ZXJzaW9uIjoiMSJ9",
          "dependencies": [
            "google_compute_network.stun_monitor"
          ]
        }
      ]
    },
    {
      "mode": "managed",
      "type": "google_compute_instance",
      "name": "node",
      "provider": "provider[\"registry.terraform.io/hashicorp/google\"]",
      "instances": [
        {
          "index_key": "agent-au",
          "schema_version": 6,
          "attributes": {
            "advanced_machine_features": [],
            "allow_stopping_for_update": null,
            "attached_disk": [],
            "boot_disk": [
              {
                "auto_delete": true,
                "device_name": "persistent-disk-0",
                "disk_encryption_key_raw": "",
                "disk_encryption_key_sha256": "",
                "initialize_params": [
                  {
                    "enable_confidential_compute": false,
                    "image": "https://www.googleapis.com/compute/v1/projects/ubuntu-os-cloud/global/images/ubuntu-2204-jammy-v20260530",
                    "labels": {},
                    "provisioned_iops": 0,
                    "provisioned_throughput": 0,
                    "resource_manager_tags": null,
                    "size": 20,
                    "storage_pool": "",
                    "type": "pd-balanced"
                  }
                ],
                "kms_key_self_link": "",
                "mode": "READ_WRITE",
                "source": "https://www.googleapis.com/compute/v1/projects/pdd2-496716/zones/australia-southeast1-a/disks/agent-au"
              }
            ],
            "can_ip_forward": false,
            "confidential_instance_config": [],
            "cpu_platform": "Intel Broadwell",
            "current_status": "RUNNING",
            "deletion_protection": false,
            "description": "",
            "desired_status": null,
            "effective_labels": {},
            "enable_display": false,
            "guest_accelerator": [],
            "hostname": "",
            "id": "projects/pdd2-496716/zones/australia-southeast1-a/instances/agent-au",
            "instance_id": "3323440839065499769",
            "label_fingerprint": "42WmSpB8rSM=",
            "labels": null,
            "machine_type": "e2-medium",
            "metadata": {
              "role": "agent",
              "ssh-keys": "piotr:ssh-ed25519 AAAAC3NzaC1lZDI1NTE5AAAAICb1pJpFdegnQ6H5QYrulMEGa83/4k2aWMrk+nEtgKRq ps.korcz@student.uw.edu.pl\n"
            },
            "metadata_fingerprint": "UVFTjSfCCpU=",
            "metadata_startup_script": null,
            "min_cpu_platform": "",
            "name": "agent-au",
            "network_interface": [
              {
                "access_config": [
                  {
                    "nat_ip": "34.151.155.79",
                    "network_tier": "PREMIUM",
                    "public_ptr_domain_name": ""
                  }
                ],
                "alias_ip_range": [],
                "internal_ipv6_prefix_length": 0,
                "ipv6_access_config": [],
                "ipv6_access_type": "",
                "ipv6_address": "",
                "name": "nic0",
                "network": "https://www.googleapis.com/compute/v1/projects/pdd2-496716/global/networks/stun-monitor-network",
                "network_ip": "10.152.0.2",
                "nic_type": "",
                "queue_count": 0,
                "stack_type": "IPV4_ONLY",
                "subnetwork": "https://www.googleapis.com/compute/v1/projects/pdd2-496716/regions/australia-southeast1/subnetworks/stun-monitor-network",
                "subnetwork_project": "pdd2-496716"
              }
            ],
            "network_performance_config": [],
            "params": [],
            "project": "pdd2-496716",
            "reservation_affinity": [],
            "resource_policies": null,
            "scheduling": [
              {
                "automatic_restart": true,
                "instance_termination_action": "",
                "local_ssd_recovery_timeout": [],
                "max_run_duration": [],
                "min_node_cpus": 0,
                "node_affinities": [],
                "on_host_maintenance": "MIGRATE",
                "on_instance_stop_action": [],
                "preemptible": false,
                "provisioning_model": "STANDARD"
              }
            ],
            "scratch_disk": [],
            "self_link": "https://www.googleapis.com/compute/v1/projects/pdd2-496716/zones/australia-southeast1-a/instances/agent-au",
            "service_account": [],
            "shielded_instance_config": [
              {
                "enable_integrity_monitoring": true,
                "enable_secure_boot": false,
                "enable_vtpm": true
              }
            ],
            "tags": [
              "agent",
              "stun-monitor"
            ],
            "tags_fingerprint": "zfM3UdOoGIA=",
            "terraform_labels": {},
            "timeouts": null,
            "zone": "australia-southeast1-a"
          },
          "sensitive_attributes": [
            [
              {
                "type": "get_attr",
                "value": "boot_disk"
              },
              {
                "type": "index",
                "value": {
                  "value": 0,
                  "type": "number"
                }
              },
              {
                "type": "get_attr",
                "value": "disk_encryption_key_raw"
              }
            ]
          ],
          "identity_schema_version": 0,
          "private": "eyJlMmJmYjczMC1lY2FhLTExZTYtOGY4OC0zNDM2M2JjN2M0YzAiOnsiY3JlYXRlIjoxMjAwMDAwMDAwMDAwLCJkZWxldGUiOjEyMDAwMDAwMDAwMDAsInVwZGF0ZSI6MTIwMDAwMDAwMDAwMH0sInNjaGVtYV92ZXJzaW9uIjoiNiJ9",
          "dependencies": [
            "data.google_compute_image.ubuntu",
            "google_compute_network.stun_monitor"
          ]
        },
        {
          "index_key": "agent-jp",
          "schema_version": 6,
          "attributes": {
            "advanced_machine_features": [],
            "allow_stopping_for_update": null,
            "attached_disk": [],
            "boot_disk": [
              {
                "auto_delete": true,
                "device_name": "persistent-disk-0",
                "disk_encryption_key_raw": "",
                "disk_encryption_key_sha256": "",
                "initialize_params": [
                  {
                    "enable_confidential_compute": false,
                    "image": "https://www.googleapis.com/compute/v1/projects/ubuntu-os-cloud/global/images/ubuntu-2204-jammy-v20260530",
                    "labels": {},
                    "provisioned_iops": 0,
                    "provisioned_throughput": 0,
                    "resource_manager_tags": null,
                    "size": 20,
                    "storage_pool": "",
                    "type": "pd-balanced"
                  }
                ],
                "kms_key_self_link": "",
                "mode": "READ_WRITE",
                "source": "https://www.googleapis.com/compute/v1/projects/pdd2-496716/zones/asia-northeast1-a/disks/agent-jp"
              }
            ],
            "can_ip_forward": false,
            "confidential_instance_config": [],
            "cpu_platform": "Intel Broadwell",
            "current_status": "RUNNING",
            "deletion_protection": false,
            "description": "",
            "desired_status": null,
            "effective_labels": {},
            "enable_display": false,
            "guest_accelerator": [],
            "hostname": "",
            "id": "projects/pdd2-496716/zones/asia-northeast1-a/instances/agent-jp",
            "instance_id": "1829571443089111163",
            "label_fingerprint": "42WmSpB8rSM=",
            "labels": null,
            "machine_type": "e2-medium",
            "metadata": {
              "role": "agent",
              "ssh-keys": "piotr:ssh-ed25519 AAAAC3NzaC1lZDI1NTE5AAAAICb1pJpFdegnQ6H5QYrulMEGa83/4k2aWMrk+nEtgKRq ps.korcz@student.uw.edu.pl\n"
            },
            "metadata_fingerprint": "UVFTjSfCCpU=",
            "metadata_startup_script": null,
            "min_cpu_platform": "",
            "name": "agent-jp",
            "network_interface": [
              {
                "access_config": [
                  {
                    "nat_ip": "35.190.235.11",
                    "network_tier": "PREMIUM",
                    "public_ptr_domain_name": ""
                  }
                ],
                "alias_ip_range": [],
                "internal_ipv6_prefix_length": 0,
                "ipv6_access_config": [],
                "ipv6_access_type": "",
                "ipv6_address": "",
                "name": "nic0",
                "network": "https://www.googleapis.com/compute/v1/projects/pdd2-496716/global/networks/stun-monitor-network",
                "network_ip": "10.146.0.2",
                "nic_type": "",
                "queue_count": 0,
                "stack_type": "IPV4_ONLY",
                "subnetwork": "https://www.googleapis.com/compute/v1/projects/pdd2-496716/regions/asia-northeast1/subnetworks/stun-monitor-network",
                "subnetwork_project": "pdd2-496716"
              }
            ],
            "network_performance_config": [],
            "params": [],
            "project": "pdd2-496716",
            "reservation_affinity": [],
            "resource_policies": null,
            "scheduling": [
              {
                "automatic_restart": true,
                "instance_termination_action": "",
                "local_ssd_recovery_timeout": [],
                "max_run_duration": [],
                "min_node_cpus": 0,
                "node_affinities": [],
                "on_host_maintenance": "MIGRATE",
                "on_instance_stop_action": [],
                "preemptible": false,
                "provisioning_model": "STANDARD"
              }
            ],
            "scratch_disk": [],
            "self_link": "https://www.googleapis.com/compute/v1/projects/pdd2-496716/zones/asia-northeast1-a/instances/agent-jp",
            "service_account": [],
            "shielded_instance_config": [
              {
                "enable_integrity_monitoring": true,
                "enable_secure_boot": false,
                "enable_vtpm": true
              }
            ],
            "tags": [
              "agent",
              "stun-monitor"
            ],
            "tags_fingerprint": "zfM3UdOoGIA=",
            "terraform_labels": {},
            "timeouts": null,
            "zone": "asia-northeast1-a"
          },
          "sensitive_attributes": [
            [
              {
                "type": "get_attr",
                "value": "boot_disk"
              },
              {
                "type": "index",
                "value": {
                  "value": 0,
                  "type": "number"
                }
              },
              {
                "type": "get_attr",
                "value": "disk_encryption_key_raw"
              }
            ]
          ],
          "identity_schema_version": 0,
          "private": "eyJlMmJmYjczMC1lY2FhLTExZTYtOGY4OC0zNDM2M2JjN2M0YzAiOnsiY3JlYXRlIjoxMjAwMDAwMDAwMDAwLCJkZWxldGUiOjEyMDAwMDAwMDAwMDAsInVwZGF0ZSI6MTIwMDAwMDAwMDAwMH0sInNjaGVtYV92ZXJzaW9uIjoiNiJ9",
          "dependencies": [
            "data.google_compute_image.ubuntu",
            "google_compute_network.stun_monitor"
          ]
        },
        {
          "index_key": "agent-pl",
          "schema_version": 6,
          "attributes": {
            "advanced_machine_features": [],
            "allow_stopping_for_update": null,
            "attached_disk": [],
            "boot_disk": [
              {
                "auto_delete": true,
                "device_name": "persistent-disk-0",
                "disk_encryption_key_raw": "",
                "disk_encryption_key_sha256": "",
                "initialize_params": [
                  {
                    "enable_confidential_compute": false,
                    "image": "https://www.googleapis.com/compute/v1/projects/ubuntu-os-cloud/global/images/ubuntu-2204-jammy-v20260530",
                    "labels": {},
                    "provisioned_iops": 0,
                    "provisioned_throughput": 0,
                    "resource_manager_tags": null,
                    "size": 20,
                    "storage_pool": "",
                    "type": "pd-balanced"
                  }
                ],
                "kms_key_self_link": "",
                "mode": "READ_WRITE",
                "source": "https://www.googleapis.com/compute/v1/projects/pdd2-496716/zones/europe-central2-a/disks/agent-pl"
              }
            ],
            "can_ip_forward": false,
            "confidential_instance_config": [],
            "cpu_platform": "Intel Broadwell",
            "current_status": "RUNNING",
            "deletion_protection": false,
            "description": "",
            "desired_status": null,
            "effective_labels": {},
            "enable_display": false,
            "guest_accelerator": [],
            "hostname": "",
            "id": "projects/pdd2-496716/zones/europe-central2-a/instances/agent-pl",
            "instance_id": "2799349628024551548",
            "label_fingerprint": "42WmSpB8rSM=",
            "labels": null,
            "machine_type": "e2-medium",
            "metadata": {
              "role": "agent",
              "ssh-keys": "piotr:ssh-ed25519 AAAAC3NzaC1lZDI1NTE5AAAAICb1pJpFdegnQ6H5QYrulMEGa83/4k2aWMrk+nEtgKRq ps.korcz@student.uw.edu.pl\n"
            },
            "metadata_fingerprint": "UVFTjSfCCpU=",
            "metadata_startup_script": null,
            "min_cpu_platform": "",
            "name": "agent-pl",
            "network_interface": [
              {
                "access_config": [
                  {
                    "nat_ip": "34.116.140.130",
                    "network_tier": "PREMIUM",
                    "public_ptr_domain_name": ""
                  }
                ],
                "alias_ip_range": [],
                "internal_ipv6_prefix_length": 0,
                "ipv6_access_config": [],
                "ipv6_access_type": "",
                "ipv6_address": "",
                "name": "nic0",
                "network": "https://www.googleapis.com/compute/v1/projects/pdd2-496716/global/networks/stun-monitor-network",
                "network_ip": "10.186.0.3",
                "nic_type": "",
                "queue_count": 0,
                "stack_type": "IPV4_ONLY",
                "subnetwork": "https://www.googleapis.com/compute/v1/projects/pdd2-496716/regions/europe-central2/subnetworks/stun-monitor-network",
                "subnetwork_project": "pdd2-496716"
              }
            ],
            "network_performance_config": [],
            "params": [],
            "project": "pdd2-496716",
            "reservation_affinity": [],
            "resource_policies": null,
            "scheduling": [
              {
                "automatic_restart": true,
                "instance_termination_action": "",
                "local_ssd_recovery_timeout": [],
                "max_run_duration": [],
                "min_node_cpus": 0,
                "node_affinities": [],
                "on_host_maintenance": "MIGRATE",
                "on_instance_stop_action": [],
                "preemptible": false,
                "provisioning_model": "STANDARD"
              }
            ],
            "scratch_disk": [],
            "self_link": "https://www.googleapis.com/compute/v1/projects/pdd2-496716/zones/europe-central2-a/instances/agent-pl",
            "service_account": [],
            "shielded_instance_config": [
              {
                "enable_integrity_monitoring": true,
                "enable_secure_boot": false,
                "enable_vtpm": true
              }
            ],
            "tags": [
              "agent",
              "stun-monitor"
            ],
            "tags_fingerprint": "zfM3UdOoGIA=",
            "terraform_labels": {},
            "timeouts": null,
            "zone": "europe-central2-a"
          },
          "sensitive_attributes": [
            [
              {
                "type": "get_attr",
                "value": "boot_disk"
              },
              {
                "type": "index",
                "value": {
                  "value": 0,
                  "type": "number"
                }
              },
              {
                "type": "get_attr",
                "value": "disk_encryption_key_raw"
              }
            ]
          ],
          "identity_schema_version": 0,
          "private": "eyJlMmJmYjczMC1lY2FhLTExZTYtOGY4OC0zNDM2M2JjN2M0YzAiOnsiY3JlYXRlIjoxMjAwMDAwMDAwMDAwLCJkZWxldGUiOjEyMDAwMDAwMDAwMDAsInVwZGF0ZSI6MTIwMDAwMDAwMDAwMH0sInNjaGVtYV92ZXJzaW9uIjoiNiJ9",
          "dependencies": [
            "data.google_compute_image.ubuntu",
            "google_compute_network.stun_monitor"
          ]
        },
        {
          "index_key": "agent-us",
          "schema_version": 6,
          "attributes": {
            "advanced_machine_features": [],
            "allow_stopping_for_update": null,
            "attached_disk": [],
            "boot_disk": [
              {
                "auto_delete": true,
                "device_name": "persistent-disk-0",
                "disk_encryption_key_raw": "",
                "disk_encryption_key_sha256": "",
                "initialize_params": [
                  {
                    "enable_confidential_compute": false,
                    "image": "https://www.googleapis.com/compute/v1/projects/ubuntu-os-cloud/global/images/ubuntu-2204-jammy-v20260530",
                    "labels": {},
                    "provisioned_iops": 0,
                    "provisioned_throughput": 0,
                    "resource_manager_tags": null,
                    "size": 20,
                    "storage_pool": "",
                    "type": "pd-balanced"
                  }
                ],
                "kms_key_self_link": "",
                "mode": "READ_WRITE",
                "source": "https://www.googleapis.com/compute/v1/projects/pdd2-496716/zones/us-central1-a/disks/agent-us"
              }
            ],
            "can_ip_forward": false,
            "confidential_instance_config": [],
            "cpu_platform": "Intel Broadwell",
            "current_status": "RUNNING",
            "deletion_protection": false,
            "description": "",
            "desired_status": null,
            "effective_labels": {},
            "enable_display": false,
            "guest_accelerator": [],
            "hostname": "",
            "id": "projects/pdd2-496716/zones/us-central1-a/instances/agent-us",
            "instance_id": "4331380572930078843",
            "label_fingerprint": "42WmSpB8rSM=",
            "labels": null,
            "machine_type": "e2-medium",
            "metadata": {
              "role": "agent",
              "ssh-keys": "piotr:ssh-ed25519 AAAAC3NzaC1lZDI1NTE5AAAAICb1pJpFdegnQ6H5QYrulMEGa83/4k2aWMrk+nEtgKRq ps.korcz@student.uw.edu.pl\n"
            },
            "metadata_fingerprint": "UVFTjSfCCpU=",
            "metadata_startup_script": null,
            "min_cpu_platform": "",
            "name": "agent-us",
            "network_interface": [
              {
                "access_config": [
                  {
                    "nat_ip": "34.134.143.41",
                    "network_tier": "PREMIUM",
                    "public_ptr_domain_name": ""
                  }
                ],
                "alias_ip_range": [],
                "internal_ipv6_prefix_length": 0,
                "ipv6_access_config": [],
                "ipv6_access_type": "",
                "ipv6_address": "",
                "name": "nic0",
                "network": "https://www.googleapis.com/compute/v1/projects/pdd2-496716/global/networks/stun-monitor-network",
                "network_ip": "10.128.0.2",
                "nic_type": "",
                "queue_count": 0,
                "stack_type": "IPV4_ONLY",
                "subnetwork": "https://www.googleapis.com/compute/v1/projects/pdd2-496716/regions/us-central1/subnetworks/stun-monitor-network",
                "subnetwork_project": "pdd2-496716"
              }
            ],
            "network_performance_config": [],
            "params": [],
            "project": "pdd2-496716",
            "reservation_affinity": [],
            "resource_policies": null,
            "scheduling": [
              {
                "automatic_restart": true,
                "instance_termination_action": "",
                "local_ssd_recovery_timeout": [],
                "max_run_duration": [],
                "min_node_cpus": 0,
                "node_affinities": [],
                "on_host_maintenance": "MIGRATE",
                "on_instance_stop_action": [],
                "preemptible": false,
                "provisioning_model": "STANDARD"
              }
            ],
            "scratch_disk": [],
            "self_link": "https://www.googleapis.com/compute/v1/projects/pdd2-496716/zones/us-central1-a/instances/agent-us",
            "service_account": [],
            "shielded_instance_config": [
              {
                "enable_integrity_monitoring": true,
                "enable_secure_boot": false,
                "enable_vtpm": true
              }
            ],
            "tags": [
              "agent",
              "stun-monitor"
            ],
            "tags_fingerprint": "zfM3UdOoGIA=",
            "terraform_labels": {},
            "timeouts": null,
            "zone": "us-central1-a"
          },
          "sensitive_attributes": [
            [
              {
                "type": "get_attr",
                "value": "boot_disk"
              },
              {
                "type": "index",
                "value": {
                  "value": 0,
                  "type": "number"
                }
              },
              {
                "type": "get_attr",
                "value": "disk_encryption_key_raw"
              }
            ]
          ],
          "identity_schema_version": 0,
          "private": "eyJlMmJmYjczMC1lY2FhLTExZTYtOGY4OC0zNDM2M2JjN2M0YzAiOnsiY3JlYXRlIjoxMjAwMDAwMDAwMDAwLCJkZWxldGUiOjEyMDAwMDAwMDAwMDAsInVwZGF0ZSI6MTIwMDAwMDAwMDAwMH0sInNjaGVtYV92ZXJzaW9uIjoiNiJ9",
          "dependencies": [
            "data.google_compute_image.ubuntu",
            "google_compute_network.stun_monitor"
          ]
        },
        {
          "index_key": "central-pl",
          "schema_version": 6,
          "attributes": {
            "advanced_machine_features": [],
            "allow_stopping_for_update": null,
            "attached_disk": [],
            "boot_disk": [
              {
                "auto_delete": true,
                "device_name": "persistent-disk-0",
                "disk_encryption_key_raw": "",
                "disk_encryption_key_sha256": "",
                "initialize_params": [
                  {
                    "enable_confidential_compute": false,
                    "image": "https://www.googleapis.com/compute/v1/projects/ubuntu-os-cloud/global/images/ubuntu-2204-jammy-v20260530",
                    "labels": {},
                    "provisioned_iops": 0,
                    "provisioned_throughput": 0,
                    "resource_manager_tags": null,
                    "size": 20,
                    "storage_pool": "",
                    "type": "pd-balanced"
                  }
                ],
                "kms_key_self_link": "",
                "mode": "READ_WRITE",
                "source": "https://www.googleapis.com/compute/v1/projects/pdd2-496716/zones/europe-central2-a/disks/central-pl"
              }
            ],
            "can_ip_forward": false,
            "confidential_instance_config": [],
            "cpu_platform": "Intel Broadwell",
            "current_status": "RUNNING",
            "deletion_protection": false,
            "description": "",
            "desired_status": null,
            "effective_labels": {},
            "enable_display": false,
            "guest_accelerator": [],
            "hostname": "",
            "id": "projects/pdd2-496716/zones/europe-central2-a/instances/central-pl",
            "instance_id": "8482957173117581436",
            "label_fingerprint": "42WmSpB8rSM=",
            "labels": null,
            "machine_type": "e2-medium",
            "metadata": {
              "role": "central",
              "ssh-keys": "piotr:ssh-ed25519 AAAAC3NzaC1lZDI1NTE5AAAAICb1pJpFdegnQ6H5QYrulMEGa83/4k2aWMrk+nEtgKRq ps.korcz@student.uw.edu.pl\n"
            },
            "metadata_fingerprint": "qxS5-SYEqTE=",
            "metadata_startup_script": null,
            "min_cpu_platform": "",
            "name": "central-pl",
            "network_interface": [
              {
                "access_config": [
                  {
                    "nat_ip": "34.118.41.87",
                    "network_tier": "PREMIUM",
                    "public_ptr_domain_name": ""
                  }
                ],
                "alias_ip_range": [],
                "internal_ipv6_prefix_length": 0,
                "ipv6_access_config": [],
                "ipv6_access_type": "",
                "ipv6_address": "",
                "name": "nic0",
                "network": "https://www.googleapis.com/compute/v1/projects/pdd2-496716/global/networks/stun-monitor-network",
                "network_ip": "10.186.0.2",
                "nic_type": "",
                "queue_count": 0,
                "stack_type": "IPV4_ONLY",
                "subnetwork": "https://www.googleapis.com/compute/v1/projects/pdd2-496716/regions/europe-central2/subnetworks/stun-monitor-network",
                "subnetwork_project": "pdd2-496716"
              }
            ],
            "network_performance_config": [],
            "params": [],
            "project": "pdd2-496716",
            "reservation_affinity": [],
            "resource_policies": null,
            "scheduling": [
              {
                "automatic_restart": true,
                "instance_termination_action": "",
                "local_ssd_recovery_timeout": [],
                "max_run_duration": [],
                "min_node_cpus": 0,
                "node_affinities": [],
                "on_host_maintenance": "MIGRATE",
                "on_instance_stop_action": [],
                "preemptible": false,
                "provisioning_model": "STANDARD"
              }
            ],
            "scratch_disk": [],
            "self_link": "https://www.googleapis.com/compute/v1/projects/pdd2-496716/zones/europe-central2-a/instances/central-pl",
            "service_account": [],
            "shielded_instance_config": [
              {
                "enable_integrity_monitoring": true,
                "enable_secure_boot": false,
                "enable_vtpm": true
              }
            ],
            "tags": [
              "central",
              "stun-monitor"
            ],
            "tags_fingerprint": "B56QBocKh3g=",
            "terraform_labels": {},
            "timeouts": null,
            "zone": "europe-central2-a"
          },
          "sensitive_attributes": [
            [
              {
                "type": "get_attr",
                "value": "boot_disk"
              },
              {
                "type": "index",
                "value": {
                  "value": 0,
                  "type": "number"
                }
              },
              {
                "type": "get_attr",
                "value": "disk_encryption_key_raw"
              }
            ]
          ],
          "identity_schema_version": 0,
          "private": "eyJlMmJmYjczMC1lY2FhLTExZTYtOGY4OC0zNDM2M2JjN2M0YzAiOnsiY3JlYXRlIjoxMjAwMDAwMDAwMDAwLCJkZWxldGUiOjEyMDAwMDAwMDAwMDAsInVwZGF0ZSI6MTIwMDAwMDAwMDAwMH0sInNjaGVtYV92ZXJzaW9uIjoiNiJ9",
          "dependencies": [
            "data.google_compute_image.ubuntu",
            "google_compute_network.stun_monitor"
          ]
        }
      ]
    },
    {
      "mode": "managed",
      "type": "google_compute_network",
      "name": "stun_monitor",
      "provider": "provider[\"registry.terraform.io/hashicorp/google\"]",
      "instances": [
        {
          "schema_version": 0,
          "attributes": {
            "auto_create_subnetworks": true,
            "delete_default_routes_on_create": false,
            "description": "",
            "enable_ula_internal_ipv6": false,
            "gateway_ipv4": "",
            "id": "projects/pdd2-496716/global/networks/stun-monitor-network",
            "internal_ipv6_range": "",
            "mtu": 0,
            "name": "stun-monitor-network",
            "network_firewall_policy_enforcement_order": "AFTER_CLASSIC_FIREWALL",
            "numeric_id": "4705407851441846460",
            "project": "pdd2-496716",
            "routing_mode": "REGIONAL",
            "self_link": "https://www.googleapis.com/compute/v1/projects/pdd2-496716/global/networks/stun-monitor-network",
            "timeouts": null
          },
          "sensitive_attributes": [],
          "identity_schema_version": 0,
          "private": "eyJlMmJmYjczMC1lY2FhLTExZTYtOGY4OC0zNDM2M2JjN2M0YzAiOnsiY3JlYXRlIjoxMjAwMDAwMDAwMDAwLCJkZWxldGUiOjEyMDAwMDAwMDAwMDAsInVwZGF0ZSI6MTIwMDAwMDAwMDAwMH19"
        }
      ]
    }
  ],
  "check_results": null
}
